
Microsoft Visual Studio Solution File, Format Version 12.00
# Visual Studio Version 17
VisualStudioVersion = 17.6.33723.286
MinimumVisualStudioVersion = 10.0.40219.1
Project("{FAE04EC0-301F-11D3-BF4B-00C04F79EFBC}") = "Lesson 4.27", "Lesson 4.27\Lesson 4.27.csproj", "{B0D7A5A4-9F86-4812-A522-7E8D89D9D70A}"
EndProject
Global
	GlobalSection(SolutionConfigurationPlatforms) = preSolution
		Debug|Any CPU = Debug|Any CPU
		Release|Any CPU = Release|Any CPU
	EndGlobalSection
	GlobalSection(ProjectConfigurationPlatforms) = postSolution
		{B0D7A5A4-9F86-4812-A522-7E8D89D9D70A}.Debug|Any CPU.ActiveCfg = Debug|Any CPU
		{B0D7A5A4-9F86-4812-A522-7E8D89D9D70A}.Debug|Any CPU.Build.0 = Debug|Any CPU
		{B0D7A5A4-9F86-4812-A522-7E8D89D9D70A}.Release|Any CPU.ActiveCfg = Release|Any CPU
		{B0D7A5A4-9F86-4812-A522-7E8D89D9D70A}.Release|Any CPU.Build.0 = Release|Any CPU
	EndGlobalSection
	GlobalSection(SolutionProperties) = preSolution
		HideSolutionNode = FALSE
	EndGlobalSection
	GlobalSection(ExtensibilityGlobals) = postSolution
		SolutionGuid = {0032B9F5-DB96-4F2C-8775-5F5417C0FA79}
	EndGlobalSection
EndGlobal
